<?xml version="1.0" encoding="utf-8"?>
<Project ToolsVersion="4.0" xmlns="http://schemas.microsoft.com/developer/msbuild/2003">
  <ItemGroup>
    <Filter Include="Assets">
      <UniqueIdentifier>d340b5ca-cfc7-49c4-bd8b-bffd965ecadb</UniqueIdentifier>
      <Extensions>ico;cur;bmp;dds;dlg;fbx;rct;bin;rgs;gif;jpg;jpeg;jpe;resx;tga;tiff;tif;png;wav;mfcribbon-ms</Extensions>
    </Filter>
  </ItemGroup>
  <ItemGroup>
    <ClInclude Include="pch.h" />
    <ClInclude Include="Game.h" />
    <ClInclude Include="StepTimer.h" />
    <ClInclude Include="Interception.h" />
    <ClInclude Include="Pursuit.h" />
    <ClInclude Include="Base.h" />
    <ClInclude Include="MovingPattern.h" />
    <ClInclude Include="WaypointNavigation.h" />
    <ClInclude Include="MathGroup.h" />
    <ClInclude Include="Camera.h" />
    <ClInclude Include="Player.h" />
    <ClInclude Include="KeyboardUtil.h" />
    <ClInclude Include="dx.h" />
    <ClInclude Include="Graphics.h" />
    <ClInclude Include="MyGame.h" />
    <ClInclude Include="Window.h" />
    <ClInclude Include="Enemy.h" />
  </ItemGroup>
  <ItemGroup>
    <ClCompile Include="pch.cpp" />
    <ClCompile Include="Game.cpp" />
    <ClCompile Include="Main.cpp" />
    <ClCompile Include="Interception.cpp" />
    <ClCompile Include="Pursuit.cpp" />
    <ClCompile Include="WaypointNavigation.cpp" />
    <ClCompile Include="Camera.cpp" />
    <ClCompile Include="Player.cpp" />
    <ClCompile Include="KeyboardUtil.cpp" />
    <ClCompile Include="Base.cpp" />
    <ClCompile Include="Graphics.cpp" />
    <ClCompile Include="MyGame.cpp" />
    <ClCompile Include="Window.cpp" />
    <ClCompile Include="Enemy.cpp" />
  </ItemGroup>
  <ItemGroup>
    <ResourceCompile Include="resource.rc" />
  </ItemGroup>
  <ItemGroup>
    <Image Include="directx.ico">
      <Filter>Assets</Filter>
    </Image>
  </ItemGroup>
  <ItemGroup>
    <Manifest Include="settings.manifest">
      <Filter>Assets</Filter>
    </Manifest>
  </ItemGroup>
  <ItemGroup>
    <MeshContentTask Include="Assets\ground.FBX">
      <Filter>Assets</Filter>
    </MeshContentTask>
  </ItemGroup>
</Project>